
Microsoft Visual Studio Solution File, Format Version 12.00
# Visual Studio Version 16
VisualStudioVersion = 16.0.29806.167
MinimumVisualStudioVersion = 10.0.40219.1
Project("{FAE04EC0-301F-11D3-BF4B-00C04F79EFBC}") = "Calculator", "Calculator\Calculator.csproj", "{64F9C2F4-57C1-45FF-AE66-34F94C031EEF}"
EndProject
Global
	GlobalSection(SolutionConfigurationPlatforms) = preSolution
		Debug|Any CPU = Debug|Any CPU
		Release|Any CPU = Release|Any CPU
	EndGlobalSection
	GlobalSection(ProjectConfigurationPlatforms) = postSolution
		{64F9C2F4-57C1-45FF-AE66-34F94C031EEF}.Debug|Any CPU.ActiveCfg = Debug|Any CPU
		{64F9C2F4-57C1-45FF-AE66-34F94C031EEF}.Debug|Any CPU.Build.0 = Debug|Any CPU
		{64F9C2F4-57C1-45FF-AE66-34F94C031EEF}.Release|Any CPU.ActiveCfg = Release|Any CPU
		{64F9C2F4-57C1-45FF-AE66-34F94C031EEF}.Release|Any CPU.Build.0 = Release|Any CPU
	EndGlobalSection
	GlobalSection(SolutionProperties) = preSolution
		HideSolutionNode = FALSE
	EndGlobalSection
	GlobalSection(ExtensibilityGlobals) = postSolution
		SolutionGuid = {15890FB8-732F-49AA-8E41-9E7216A8215C}
	EndGlobalSection
EndGlobal
